<?xml version="1.0" encoding="utf-8"?>
<Project ToolsVersion="4.0" xmlns="http://schemas.microsoft.com/developer/msbuild/2003">
  <ItemGroup>
    <Filter Include="Source Files">
      <UniqueIdentifier>{4FC737F1-C7A5-4376-A066-2A32D752A2FF}</UniqueIdentifier>
      <Extensions>cpp;c;cc;cxx;def;odl;idl;hpj;bat;asm;asmx</Extensions>
    </Filter>
    <Filter Include="Header Files">
      <UniqueIdentifier>{93995380-89BD-4b04-88EB-625FBE52EBFB}</UniqueIdentifier>
      <Extensions>h;hpp;hxx;hm;inl;inc;xsd</Extensions>
    </Filter>
    <Filter Include="Resource Files">
      <UniqueIdentifier>{67DA6AB6-F800-4c08-8B7A-83BB121AAD01}</UniqueIdentifier>
      <Extensions>rc;ico;cur;bmp;dlg;rc2;rct;bin;rgs;gif;jpg;jpeg;jpe;resx;tiff;tif;png;wav;mfcribbon-ms</Extensions>
    </Filter>
    <Filter Include="Header Files\Managers">
      <UniqueIdentifier>{4ea50850-6839-4e8d-be42-a026aaef070b}</UniqueIdentifier>
    </Filter>
    <Filter Include="Header Files\Game Components">
      <UniqueIdentifier>{5d176e90-e3f9-4043-97d0-ac410272fc57}</UniqueIdentifier>
    </Filter>
    <Filter Include="Source Files\Managers">
      <UniqueIdentifier>{50176d43-16cb-4f5b-a62b-5eb5e288864d}</UniqueIdentifier>
    </Filter>
    <Filter Include="Source Files\Game Components">
      <UniqueIdentifier>{5c4c0ddb-60ad-4ba3-898c-76c4c54f9699}</UniqueIdentifier>
    </Filter>
    <Filter Include="Header Files\Game Components\Menus">
      <UniqueIdentifier>{1af387c5-866e-4976-857f-620c60ae0c62}</UniqueIdentifier>
    </Filter>
    <Filter Include="Source Files\Game Components\Menus">
      <UniqueIdentifier>{2546dd75-5333-4d93-b823-c9c6abacd05e}</UniqueIdentifier>
    </Filter>
    <Filter Include="Source Files\Game Components\Collectables">
      <UniqueIdentifier>{5e3940c0-3bed-46ae-b5c4-750d237aabab}</UniqueIdentifier>
    </Filter>
    <Filter Include="Header Files\Game Components\Collectables">
      <UniqueIdentifier>{25eb2431-4572-49ba-a036-0ce761b59ab4}</UniqueIdentifier>
    </Filter>
    <Filter Include="Header Files\Game Components\Characters">
      <UniqueIdentifier>{ae7b4774-885e-42c6-8d23-1c11135540cc}</UniqueIdentifier>
    </Filter>
    <Filter Include="Source Files\Game Components\Characters">
      <UniqueIdentifier>{eff0b017-1c23-490d-bfba-0dba655f3555}</UniqueIdentifier>
    </Filter>
    <Filter Include="Source Files\Game Components\Visuals">
      <UniqueIdentifier>{13b83bc5-92a7-4fb4-bcaf-0b393d1c76d1}</UniqueIdentifier>
    </Filter>
    <Filter Include="Header Files\Game Components\Visuals">
      <UniqueIdentifier>{c0f1c422-d14e-475a-9f6e-fd0046abc978}</UniqueIdentifier>
    </Filter>
    <Filter Include="Header Files\Game Components\AI">
      <UniqueIdentifier>{e177d7c7-45b0-4850-89aa-fd5c68a7eed9}</UniqueIdentifier>
    </Filter>
    <Filter Include="Source Files\AI">
      <UniqueIdentifier>{d5f577aa-d789-4f56-bd03-86d7e6292168}</UniqueIdentifier>
    </Filter>
    <Filter Include="Header Files\Game Components\AI\PacmanTasks">
      <UniqueIdentifier>{a0a58daf-6c5b-4ecb-817f-f7f9c84c4e99}</UniqueIdentifier>
    </Filter>
    <Filter Include="Source Files\AI\Ghost Tasks">
      <UniqueIdentifier>{73f1b4f9-aefd-47dd-9ec2-b0415d375402}</UniqueIdentifier>
    </Filter>
    <Filter Include="Header Files\Game Components\AI\Ghost Tasks">
      <UniqueIdentifier>{6650bb72-5c43-4fb7-b57e-0e2808e83067}</UniqueIdentifier>
    </Filter>
    <Filter Include="Source Files\AI\Pacman Tasks">
      <UniqueIdentifier>{11b2bace-3f9e-4585-964a-f69f5c76289e}</UniqueIdentifier>
    </Filter>
  </ItemGroup>
  <ItemGroup>
    <ClCompile Include="Pacman.cpp">
      <Filter>Source Files</Filter>
    </ClCompile>
    <ClCompile Include="main.cpp">
      <Filter>Source Files</Filter>
    </ClCompile>
    <ClCompile Include="GameManager.cpp">
      <Filter>Source Files\Managers</Filter>
    </ClCompile>
    <ClCompile Include="UIManager.cpp">
      <Filter>Source Files\Managers</Filter>
    </ClCompile>
    <ClCompile Include="HighScoresMenu.cpp">
      <Filter>Source Files\Game Components\Menus</Filter>
    </ClCompile>
    <ClCompile Include="PauseMenu.cpp">
      <Filter>Source Files\Game Components\Menus</Filter>
    </ClCompile>
    <ClCompile Include="StartMenu.cpp">
      <Filter>Source Files\Game Components\Menus</Filter>
    </ClCompile>
    <ClCompile Include="DotsHandler.cpp">
      <Filter>Source Files\Game Components\Collectables</Filter>
    </ClCompile>
    <ClCompile Include="Pickups.cpp">
      <Filter>Source Files\Game Components\Collectables</Filter>
    </ClCompile>
    <ClCompile Include="PacmanCharacter.cpp">
      <Filter>Source Files\Game Components\Characters</Filter>
    </ClCompile>
    <ClCompile Include="Background.cpp">
      <Filter>Source Files\Game Components\Visuals</Filter>
    </ClCompile>
    <ClCompile Include="TextRenderer.cpp">
      <Filter>Source Files\Game Components\Visuals</Filter>
    </ClCompile>
    <ClCompile Include="AudioManager.cpp">
      <Filter>Source Files\Managers</Filter>
    </ClCompile>
    <ClCompile Include="BaseMenu.cpp">
      <Filter>Source Files\Game Components\Menus</Filter>
    </ClCompile>
    <ClCompile Include="MainGameScreen.cpp">
      <Filter>Source Files\Game Components\Menus</Filter>
    </ClCompile>
    <ClCompile Include="Ghost.cpp">
      <Filter>Source Files\Game Components\Characters</Filter>
    </ClCompile>
    <ClCompile Include="Stack_FiniteStateMachine.cpp">
      <Filter>Source Files\AI</Filter>
    </ClCompile>
    <ClCompile Include="BaseState_Task_Pacman.cpp">
      <Filter>Source Files\AI\Pacman Tasks</Filter>
    </ClCompile>
    <ClCompile Include="BaseState_Task_Ghost.cpp">
      <Filter>Source Files\AI\Ghost Tasks</Filter>
    </ClCompile>
    <ClCompile Include="ChaseState_Task_Ghost.cpp">
      <Filter>Source Files\AI\Ghost Tasks</Filter>
    </ClCompile>
    <ClCompile Include="ExitHome_Task_Ghost.cpp">
      <Filter>Source Files\AI\Ghost Tasks</Filter>
    </ClCompile>
    <ClCompile Include="FleeState_Task_Ghost.cpp">
      <Filter>Source Files\AI\Ghost Tasks</Filter>
    </ClCompile>
    <ClCompile Include="ReturnHome_Task_Ghost.cpp">
      <Filter>Source Files\AI\Ghost Tasks</Filter>
    </ClCompile>
    <ClCompile Include="ChaseGhostsState_Task_Pacman.cpp">
      <Filter>Source Files\AI\Pacman Tasks</Filter>
    </ClCompile>
  </ItemGroup>
  <ItemGroup>
    <ClInclude Include="Pacman.h">
      <Filter>Header Files</Filter>
    </ClInclude>
    <ClInclude Include="Commons.h">
      <Filter>Header Files</Filter>
    </ClInclude>
    <ClInclude Include="Constants.h">
      <Filter>Header Files</Filter>
    </ClInclude>
    <ClInclude Include="GameManager.h">
      <Filter>Header Files\Managers</Filter>
    </ClInclude>
    <ClInclude Include="UIManager.h">
      <Filter>Header Files\Managers</Filter>
    </ClInclude>
    <ClInclude Include="HighScoresMenu.h">
      <Filter>Header Files\Game Components\Menus</Filter>
    </ClInclude>
    <ClInclude Include="StartMenu.h">
      <Filter>Header Files\Game Components\Menus</Filter>
    </ClInclude>
    <ClInclude Include="PauseMenu.h">
      <Filter>Header Files\Game Components\Menus</Filter>
    </ClInclude>
    <ClInclude Include="DotsHandler.h">
      <Filter>Header Files\Game Components\Collectables</Filter>
    </ClInclude>
    <ClInclude Include="Pickups.h">
      <Filter>Header Files\Game Components\Collectables</Filter>
    </ClInclude>
    <ClInclude Include="PacmanCharacter.h">
      <Filter>Header Files\Game Components\Characters</Filter>
    </ClInclude>
    <ClInclude Include="Background.h">
      <Filter>Header Files\Game Components\Visuals</Filter>
    </ClInclude>
    <ClInclude Include="TextRenderer.h">
      <Filter>Header Files\Game Components\Visuals</Filter>
    </ClInclude>
    <ClInclude Include="AudioManager.h">
      <Filter>Header Files\Managers</Filter>
    </ClInclude>
    <ClInclude Include="BaseMenu.h">
      <Filter>Header Files\Game Components\Menus</Filter>
    </ClInclude>
    <ClInclude Include="MainGameScreen.h">
      <Filter>Header Files\Game Components\Menus</Filter>
    </ClInclude>
    <ClInclude Include="Ghost.h">
      <Filter>Header Files\Game Components\Characters</Filter>
    </ClInclude>
    <ClInclude Include="Stack_FiniteStateMachine.h">
      <Filter>Header Files\Game Components\AI</Filter>
    </ClInclude>
    <ClInclude Include="BaseState_Task_Ghost.h">
      <Filter>Header Files\Game Components\AI\Ghost Tasks</Filter>
    </ClInclude>
    <ClInclude Include="ChaseState_Task_Ghost.h">
      <Filter>Header Files\Game Components\AI\Ghost Tasks</Filter>
    </ClInclude>
    <ClInclude Include="ExitHome_Task_Ghost.h">
      <Filter>Header Files\Game Components\AI\Ghost Tasks</Filter>
    </ClInclude>
    <ClInclude Include="FleeState_Task_Ghost.h">
      <Filter>Header Files\Game Components\AI\Ghost Tasks</Filter>
    </ClInclude>
    <ClInclude Include="ReturnHome_Task_Ghost.h">
      <Filter>Header Files\Game Components\AI\Ghost Tasks</Filter>
    </ClInclude>
    <ClInclude Include="BaseState_Task_Pacman.h">
      <Filter>Header Files\Game Components\AI\PacmanTasks</Filter>
    </ClInclude>
    <ClInclude Include="DodgeGhostsState_Task_Pacman.h">
      <Filter>Header Files\Game Components\AI\PacmanTasks</Filter>
    </ClInclude>
    <ClInclude Include="ChaseGhostsState_Task_Pacman.h">
      <Filter>Header Files\Game Components\AI\PacmanTasks</Filter>
    </ClInclude>
  </ItemGroup>
</Project>